<Solution>
  <Project Path="JokerNutrition.Api/JokerNutrition.Api.csproj" />
  <Project Path="JokerNutrition.Business/JokerNutrition.Business.csproj" />
  <Project Path="JokerNutrition.CatalogSeeder/JokerNutrition.CatalogSeeder.csproj" />
  <Project Path="JokerNutrition.Data/JokerNutrition.Data.csproj" />
  <Project Path="JokerNutrition.Tests/JokerNutrition.Tests.csproj" />
</Solution>
